
Microsoft Visual Studio Solution File, Format Version 12.00
# Visual Studio Version 16
VisualStudioVersion = 16.0.31624.102
MinimumVisualStudioVersion = 10.0.40219.1
Project("{FAE04EC0-301F-11D3-BF4B-00C04F79EFBC}") = "ACME Cars", "ACME Cars\ACME Cars.csproj", "{95CCB7F4-83DA-4FE1-B9E7-3E7A1994928E}"
EndProject
Global
	GlobalSection(SolutionConfigurationPlatforms) = preSolution
		Debug|Any CPU = Debug|Any CPU
		Release|Any CPU = Release|Any CPU
	EndGlobalSection
	GlobalSection(ProjectConfigurationPlatforms) = postSolution
		{95CCB7F4-83DA-4FE1-B9E7-3E7A1994928E}.Debug|Any CPU.ActiveCfg = Debug|Any CPU
		{95CCB7F4-83DA-4FE1-B9E7-3E7A1994928E}.Debug|Any CPU.Build.0 = Debug|Any CPU
		{95CCB7F4-83DA-4FE1-B9E7-3E7A1994928E}.Release|Any CPU.ActiveCfg = Release|Any CPU
		{95CCB7F4-83DA-4FE1-B9E7-3E7A1994928E}.Release|Any CPU.Build.0 = Release|Any CPU
	EndGlobalSection
	GlobalSection(SolutionProperties) = preSolution
		HideSolutionNode = FALSE
	EndGlobalSection
	GlobalSection(ExtensibilityGlobals) = postSolution
		SolutionGuid = {4E846040-1974-4852-A202-D392F1BC2787}
	EndGlobalSection
EndGlobal
